
Microsoft Visual Studio Solution File, Format Version 12.00
# Visual Studio Version 17
VisualStudioVersion = 17.3.32825.248
MinimumVisualStudioVersion = 10.0.40219.1
Project("{FAE04EC0-301F-11D3-BF4B-00C04F79EFBC}") = "QualitéDeDevTD1", "QualitéDeDevTD1\QualitéDeDevTD1.csproj", "{0DB23A05-1287-4FFD-BAB7-F799221A7E97}"
EndProject
Global
	GlobalSection(SolutionConfigurationPlatforms) = preSolution
		Debug|Any CPU = Debug|Any CPU
		Release|Any CPU = Release|Any CPU
	EndGlobalSection
	GlobalSection(ProjectConfigurationPlatforms) = postSolution
		{0DB23A05-1287-4FFD-BAB7-F799221A7E97}.Debug|Any CPU.ActiveCfg = Debug|Any CPU
		{0DB23A05-1287-4FFD-BAB7-F799221A7E97}.Debug|Any CPU.Build.0 = Debug|Any CPU
		{0DB23A05-1287-4FFD-BAB7-F799221A7E97}.Release|Any CPU.ActiveCfg = Release|Any CPU
		{0DB23A05-1287-4FFD-BAB7-F799221A7E97}.Release|Any CPU.Build.0 = Release|Any CPU
	EndGlobalSection
	GlobalSection(SolutionProperties) = preSolution
		HideSolutionNode = FALSE
	EndGlobalSection
	GlobalSection(ExtensibilityGlobals) = postSolution
		SolutionGuid = {5167A662-99C0-45F1-A991-3FC26ACBC5BA}
	EndGlobalSection
EndGlobal
